// !$*UTF8*$!
{
	archiveVersion = 1;
	classes = {
	};
	objectVersion = 46;
	objects = {

/* Begin PBXBuildFile section */
		DAC8677F1A71DE9100B5AF15 /* AppDelegate.swift in Sources */ = {isa = PBXBuildFile; fileRef = DAC8677E1A71DE9100B5AF15 /* AppDelegate.swift */; };
		DAC867811A71DE9100B5AF15 /* ViewController.swift in Sources */ = {isa = PBXBuildFile; fileRef = DAC867801A71DE9100B5AF15 /* ViewController.swift */; };
		DAC867841A71DE9100B5AF15 /* Main.storyboard in Resources */ = {isa = PBXBuildFile; fileRef = DAC867821A71DE9100B5AF15 /* Main.storyboard */; };
		DAC867861A71DE9100B5AF15 /* Images.xcassets in Resources */ = {isa = PBXBuildFile; fileRef = DAC867851A71DE9100B5AF15 /* Images.xcassets */; };
		DAC867891A71DE9100B5AF15 /* LaunchScreen.xib in Resources */ = {isa = PBXBuildFile; fileRef = DAC867871A71DE9100B5AF15 /* LaunchScreen.xib */; };
		DAC867951A71DE9100B5AF15 /* roadtripTests.swift in Sources */ = {isa = PBXBuildFile; fileRef = DAC867941A71DE9100B5AF15 /* roadtripTests.swift */; };
/* End PBXBuildFile section */

/* Begin PBXContainerItemProxy section */
		DAC8678F1A71DE9100B5AF15 /* PBXContainerItemProxy */ = {
			isa = PBXContainerItemProxy;
			containerPortal = DAC867711A71DE9100B5AF15 /* Project object */;
			proxyType = 1;
			remoteGlobalIDString = DAC867781A71DE9100B5AF15;
			remoteInfo = roadtrip;
		};
/* End PBXContainerItemProxy section */

/* Begin PBXFileReference section */
		DAC867791A71DE9100B5AF15 /* roadtrip.app */ = {isa = PBXFileReference; explicitFileType = wrapper.application; includeInIndex = 0; path = roadtrip.app; sourceTree = BUILT_PRODUCTS_DIR; };
		DAC8677D1A71DE9100B5AF15 /* Info.plist */ = {isa = PBXFileReference; lastKnownFileType = text.plist.xml; path = Info.plist; sourceTree = "<group>"; };
		DAC8677E1A71DE9100B5AF15 /* AppDelegate.swift */ = {isa = PBXFileReference; lastKnownFileType = sourcecode.swift; path = AppDelegate.swift; sourceTree = "<group>"; };
		DAC867801A71DE9100B5AF15 /* ViewController.swift */ = {isa = PBXFileReference; lastKnownFileType = sourcecode.swift; path = ViewController.swift; sourceTree = "<group>"; };
		DAC867831A71DE9100B5AF15 /* Base */ = {isa = PBXFileReference; lastKnownFileType = file.storyboard; name = Base; path = Base.lproj/Main.storyboard; sourceTree = "<group>"; };
		DAC867851A71DE9100B5AF15 /* Images.xcassets */ = {isa = PBXFileReference; lastKnownFileType = folder.assetcatalog; path = Images.xcassets; sourceTree = "<group>"; };
		DAC867881A71DE9100B5AF15 /* Base */ = {isa = PBXFileReference; lastKnownFileType = file.xib; name = Base; path = Base.lproj/LaunchScreen.xib; sourceTree = "<group>"; };
		DAC8678E1A71DE9100B5AF15 /* roadtripTests.xctest */ = {isa = PBXFileReference; explicitFileType = wrapper.cfbundle; includeInIndex = 0; path = roadtripTests.xctest; sourceTree = BUILT_PRODUCTS_DIR; };
		DAC867931A71DE9100B5AF15 /* Info.plist */ = {isa = PBXFileReference; lastKnownFileType = text.plist.xml; path = Info.plist; sourceTree = "<group>"; };
		DAC867941A71DE9100B5AF15 /* roadtripTests.swift */ = {isa = PBXFileReference; lastKnownFileType = sourcecode.swift; path = roadtripTests.swift; sourceTree = "<group>"; };
/* End PBXFileReference section */

/* Begin PBXFrameworksBuildPhase section */
		DAC867761A71DE9100B5AF15 /* Frameworks */ = {
			isa = PBXFrameworksBuildPhase;
			buildActionMask = 2147483647;
			files = (
			);
			runOnlyForDeploymentPostprocessing = 0;
		};
		DAC8678B1A71DE9100B5AF15 /* Frameworks */ = {
			isa = PBXFrameworksBuildPhase;
			buildActionMask = 2147483647;
			files = (
			);
			runOnlyForDeploymentPostprocessing = 0;
		};
/* End PBXFrameworksBuildPhase section */

/* Begin PBXGroup section */
		DAC867701A71DE9100B5AF15 = {
			isa = PBXGroup;
			children = (
				DAC8677B1A71DE9100B5AF15 /* roadtrip */,
				DAC867911A71DE9100B5AF15 /* roadtripTests */,
				DAC8677A1A71DE9100B5AF15 /* Products */,
			);
			sourceTree = "<group>";
		};
		DAC8677A1A71DE9100B5AF15 /* Products */ = {
			isa = PBXGroup;
			children = (
				DAC867791A71DE9100B5AF15 /* roadtrip.app */,
				DAC8678E1A71DE9100B5AF15 /* roadtripTests.xctest */,
			);
			name = Products;
			sourceTree = "<group>";
		};
		DAC8677B1A71DE9100B5AF15 /* roadtrip */ = {
			isa = PBXGroup;
			children = (
				DAC8677E1A71DE9100B5AF15 /* AppDelegate.swift */,
				DAC867801A71DE9100B5AF15 /* ViewController.swift */,
				DAC867821A71DE9100B5AF15 /* Main.storyboard */,
				DAC867851A71DE9100B5AF15 /* Images.xcassets */,
				DAC867871A71DE9100B5AF15 /* LaunchScreen.xib */,
				DAC8677C1A71DE9100B5AF15 /* Supporting Files */,
			);
			path = roadtrip;
			sourceTree = "<group>";
		};
		DAC8677C1A71DE9100B5AF15 /* Supporting Files */ = {
			isa = PBXGroup;
			children = (
				DAC8677D1A71DE9100B5AF15 /* Info.plist */,
			);
			name = "Supporting Files";
			sourceTree = "<group>";
		};
		DAC867911A71DE9100B5AF15 /* roadtripTests */ = {
			isa = PBXGroup;
			children = (
				DAC867941A71DE9100B5AF15 /* roadtripTests.swift */,
				DAC867921A71DE9100B5AF15 /* Supporting Files */,
			);
			path = roadtripTests;
			sourceTree = "<group>";
		};
		DAC867921A71DE9100B5AF15 /* Supporting Files */ = {
			isa = PBXGroup;
			children = (
				DAC867931A71DE9100B5AF15 /* Info.plist */,
			);
			name = "Supporting Files";
			sourceTree = "<group>";
		};
/* End PBXGroup section */

/* Begin PBXNativeTarget section */
		DAC867781A71DE9100B5AF15 /* roadtrip */ = {
			isa = PBXNativeTarget;
			buildConfigurationList = DAC867981A71DE9100B5AF15 /* Build configuration list for PBXNativeTarget "roadtrip" */;
			buildPhases = (
				DAC867751A71DE9100B5AF15 /* Sources */,
				DAC867761A71DE9100B5AF15 /* Frameworks */,
				DAC867771A71DE9100B5AF15 /* Resources */,
			);
			buildRules = (
			);
			dependencies = (
			);
			name = roadtrip;
			productName = roadtrip;
			productReference = DAC867791A71DE9100B5AF15 /* roadtrip.app */;
			productType = "com.apple.product-type.application";
		};
		DAC8678D1A71DE9100B5AF15 /* roadtripTests */ = {
			isa = PBXNativeTarget;
			buildConfigurationList = DAC8679B1A71DE9100B5AF15 /* Build configuration list for PBXNativeTarget "roadtripTests" */;
			buildPhases = (
				DAC8678A1A71DE9100B5AF15 /* Sources */,
				DAC8678B1A71DE9100B5AF15 /* Frameworks */,
				DAC8678C1A71DE9100B5AF15 /* Resources */,
			);
			buildRules = (
			);
			dependencies = (
				DAC867901A71DE9100B5AF15 /* PBXTargetDependency */,
			);
			name = roadtripTests;
			productName = roadtripTests;
			productReference = DAC8678E1A71DE9100B5AF15 /* roadtripTests.xctest */;
			productType = "com.apple.product-type.bundle.unit-test";
		};
/* End PBXNativeTarget section */

/* Begin PBXProject section */
		DAC867711A71DE9100B5AF15 /* Project object */ = {
			isa = PBXProject;
			attributes = {
				LastUpgradeCheck = 0610;
				ORGANIZATIONNAME = codepath;
				TargetAttributes = {
					DAC867781A71DE9100B5AF15 = {
						CreatedOnToolsVersion = 6.1.1;
					};
					DAC8678D1A71DE9100B5AF15 = {
						CreatedOnToolsVersion = 6.1.1;
						TestTargetID = DAC867781A71DE9100B5AF15;
					};
				};
			};
			buildConfigurationList = DAC867741A71DE9100B5AF15 /* Build configuration list for PBXProject "roadtrip" */;
			compatibilityVersion = "Xcode 3.2";
			developmentRegion = English;
			hasScannedForEncodings = 0;
			knownRegions = (
				en,
				Base,
			);
			mainGroup = DAC867701A71DE9100B5AF15;
			productRefGroup = DAC8677A1A71DE9100B5AF15 /* Products */;
			projectDirPath = "";
			projectRoot = "";
			targets = (
				DAC867781A71DE9100B5AF15 /* roadtrip */,
				DAC8678D1A71DE9100B5AF15 /* roadtripTests */,
			);
		};
/* End PBXProject section */

/* Begin PBXResourcesBuildPhase section */
		DAC867771A71DE9100B5AF15 /* Resources */ = {
			isa = PBXResourcesBuildPhase;
			buildActionMask = 2147483647;
			files = (
				DAC867841A71DE9100B5AF15 /* Main.storyboard in Resources */,
				DAC867891A71DE9100B5AF15 /* LaunchScreen.xib in Resources */,
				DAC867861A71DE9100B5AF15 /* Images.xcassets in Resources */,
			);
			runOnlyForDeploymentPostprocessing = 0;
		};
		DAC8678C1A71DE9100B5AF15 /* Resources */ = {
			isa = PBXResourcesBuildPhase;
			buildActionMask = 2147483647;
			files = (
			);
			runOnlyForDeploymentPostprocessing = 0;
		};
/* End PBXResourcesBuildPhase section */

/* Begin PBXSourcesBuildPhase section */
		DAC867751A71DE9100B5AF15 /* Sources */ = {
			isa = PBXSourcesBuildPhase;
			buildActionMask = 2147483647;
			files = (
				DAC867811A71DE9100B5AF15 /* ViewController.swift in Sources */,
				DAC8677F1A71DE9100B5AF15 /* AppDelegate.swift in Sources */,
			);
			runOnlyForDeploymentPostprocessing = 0;
		};
		DAC8678A1A71DE9100B5AF15 /* Sources */ = {
			isa = PBXSourcesBuildPhase;
			buildActionMask = 2147483647;
			files = (
				DAC867951A71DE9100B5AF15 /* roadtripTests.swift in Sources */,
			);
			runOnlyForDeploymentPostprocessing = 0;
		};
/* End PBXSourcesBuildPhase section */

/* Begin PBXTargetDependency section */
		DAC867901A71DE9100B5AF15 /* PBXTargetDependency */ = {
			isa = PBXTargetDependency;
			target = DAC867781A71DE9100B5AF15 /* roadtrip */;
			targetProxy = DAC8678F1A71DE9100B5AF15 /* PBXContainerItemProxy */;
		};
/* End PBXTargetDependency section */

/* Begin PBXVariantGroup section */
		DAC867821A71DE9100B5AF15 /* Main.storyboard */ = {
			isa = PBXVariantGroup;
			children = (
				DAC867831A71DE9100B5AF15 /* Base */,
			);
			name = Main.storyboard;
			sourceTree = "<group>";
		};
		DAC867871A71DE9100B5AF15 /* LaunchScreen.xib */ = {
			isa = PBXVariantGroup;
			children = (
				DAC867881A71DE9100B5AF15 /* Base */,
			);
			name = LaunchScreen.xib;
			sourceTree = "<group>";
		};
/* End PBXVariantGroup section */

/* Begin XCBuildConfiguration section */
		DAC867961A71DE9100B5AF15 /* Debug */ = {
			isa = XCBuildConfiguration;
			buildSettings = {
				ALWAYS_SEARCH_USER_PATHS = NO;
				CLANG_CXX_LANGUAGE_STANDARD = "gnu++0x";
				CLANG_CXX_LIBRARY = "libc++";
				CLANG_ENABLE_MODULES = YES;
				CLANG_ENABLE_OBJC_ARC = YES;
				CLANG_WARN_BOOL_CONVERSION = YES;
				CLANG_WARN_CONSTANT_CONVERSION = YES;
				CLANG_WARN_DIRECT_OBJC_ISA_USAGE = YES_ERROR;
				CLANG_WARN_EMPTY_BODY = YES;
				CLANG_WARN_ENUM_CONVERSION = YES;
				CLANG_WARN_INT_CONVERSION = YES;
				CLANG_WARN_OBJC_ROOT_CLASS = YES_ERROR;
				CLANG_WARN_UNREACHABLE_CODE = YES;
				CLANG_WARN__DUPLICATE_METHOD_MATCH = YES;
				"CODE_SIGN_IDENTITY[sdk=iphoneos*]" = "iPhone Developer";
				COPY_PHASE_STRIP = NO;
				ENABLE_STRICT_OBJC_MSGSEND = YES;
				GCC_C_LANGUAGE_STANDARD = gnu99;
				GCC_DYNAMIC_NO_PIC = NO;
				GCC_OPTIMIZATION_LEVEL = 0;
				GCC_PREPROCESSOR_DEFINITIONS = (
					"DEBUG=1",
					"$(inherited)",
				);
				GCC_SYMBOLS_PRIVATE_EXTERN = NO;
				GCC_WARN_64_TO_32_BIT_CONVERSION = YES;
				GCC_WARN_ABOUT_RETURN_TYPE = YES_ERROR;
				GCC_WARN_UNDECLARED_SELECTOR = YES;
				GCC_WARN_UNINITIALIZED_AUTOS = YES_AGGRESSIVE;
				GCC_WARN_UNUSED_FUNCTION = YES;
				GCC_WARN_UNUSED_VARIABLE = YES;
				IPHONEOS_DEPLOYMENT_TARGET = 8.1;
				MTL_ENABLE_DEBUG_INFO = YES;
				ONLY_ACTIVE_ARCH = YES;
				SDKROOT = iphoneos;
				SWIFT_OPTIMIZATION_LEVEL = "-Onone";
			};
			name = Debug;
		};
		DAC867971A71DE9100B5AF15 /* Release */ = {
			isa = XCBuildConfiguration;
			buildSettings = {
				ALWAYS_SEARCH_USER_PATHS = NO;
				CLANG_CXX_LANGUAGE_STANDARD = "gnu++0x";
				CLANG_CXX_LIBRARY = "libc++";
				CLANG_ENABLE_MODULES = YES;
				CLANG_ENABLE_OBJC_ARC = YES;
				CLANG_WARN_BOOL_CONVERSION = YES;
				CLANG_WARN_CONSTANT_CONVERSION = YES;
				CLANG_WARN_DIRECT_OBJC_ISA_USAGE = YES_ERROR;
				CLANG_WARN_EMPTY_BODY = YES;
				CLANG_WARN_ENUM_CONVERSION = YES;
				CLANG_WARN_INT_CONVERSION = YES;
				CLANG_WARN_OBJC_ROOT_CLASS = YES_ERROR;
				CLANG_WARN_UNREACHABLE_CODE = YES;
				CLANG_WARN__DUPLICATE_METHOD_MATCH = YES;
				"CODE_SIGN_IDENTITY[sdk=iphoneos*]" = "iPhone Developer";
				COPY_PHASE_STRIP = YES;
				ENABLE_NS_ASSERTIONS = NO;
				ENABLE_STRICT_OBJC_MSGSEND = YES;
				GCC_C_LANGUAGE_STANDARD = gnu99;
				GCC_WARN_64_TO_32_BIT_CONVERSION = YES;
				GCC_WARN_ABOUT_RETURN_TYPE = YES_ERROR;
				GCC_WARN_UNDECLARED_SELECTOR = YES;
				GCC_WARN_UNINITIALIZED_AUTOS = YES_AGGRESSIVE;
				GCC_WARN_UNUSED_FUNCTION = YES;
				GCC_WARN_UNUSED_VARIABLE = YES;
				IPHONEOS_DEPLOYMENT_TARGET = 8.1;
				MTL_ENABLE_DEBUG_INFO = NO;
				SDKROOT = iphoneos;
				VALIDATE_PRODUCT = YES;
			};
			name = Release;
		};
		DAC867991A71DE9100B5AF15 /* Debug */ = {
			isa = XCBuildConfiguration;
			buildSettings = {
				ASSETCATALOG_COMPILER_APPICON_NAME = AppIcon;
				INFOPLIST_FILE = roadtrip/Info.plist;
				LD_RUNPATH_SEARCH_PATHS = "$(inherited) @executable_path/Frameworks";
				PRODUCT_NAME = "$(TARGET_NAME)";
			};
			name = Debug;
		};
		DAC8679A1A71DE9100B5AF15 /* Release */ = {
			isa = XCBuildConfiguration;
			buildSettings = {
				ASSETCATALOG_COMPILER_APPICON_NAME = AppIcon;
				INFOPLIST_FILE = roadtrip/Info.plist;
				LD_RUNPATH_SEARCH_PATHS = "$(inherited) @executable_path/Frameworks";
				PRODUCT_NAME = "$(TARGET_NAME)";
			};
			name = Release;
		};
		DAC8679C1A71DE9100B5AF15 /* Debug */ = {
			isa = XCBuildConfiguration;
			buildSettings = {
				BUNDLE_LOADER = "$(TEST_HOST)";
				FRAMEWORK_SEARCH_PATHS = (
					"$(SDKROOT)/Developer/Library/Frameworks",
					"$(inherited)",
				);
				GCC_PREPROCESSOR_DEFINITIONS = (
					"DEBUG=1",
					"$(inherited)",
				);
				INFOPLIST_FILE = roadtripTests/Info.plist;
				LD_RUNPATH_SEARCH_PATHS = "$(inherited) @executable_path/Frameworks @loader_path/Frameworks";
				PRODUCT_NAME = "$(TARGET_NAME)";
				TEST_HOST = "$(BUILT_PRODUCTS_DIR)/roadtrip.app/roadtrip";
			};
			name = Debug;
		};
		DAC8679D1A71DE9100B5AF15 /* Release */ = {
			isa = XCBuildConfiguration;
			buildSettings = {
				BUNDLE_LOADER = "$(TEST_HOST)";
				FRAMEWORK_SEARCH_PATHS = (
					"$(SDKROOT)/Developer/Library/Frameworks",
					"$(inherited)",
				);
				INFOPLIST_FILE = roadtripTests/Info.plist;
				LD_RUNPATH_SEARCH_PATHS = "$(inherited) @executable_path/Frameworks @loader_path/Frameworks";
				PRODUCT_NAME = "$(TARGET_NAME)";
				TEST_HOST = "$(BUILT_PRODUCTS_DIR)/roadtrip.app/roadtrip";
			};
			name = Release;
		};
/* End XCBuildConfiguration section */

/* Begin XCConfigurationList section */
		DAC867741A71DE9100B5AF15 /* Build configuration list for PBXProject "roadtrip" */ = {
			isa = XCConfigurationList;
			buildConfigurations = (
				DAC867961A71DE9100B5AF15 /* Debug */,
				DAC867971A71DE9100B5AF15 /* Release */,
			);
			defaultConfigurationIsVisible = 0;
			defaultConfigurationName = Release;
		};
		DAC867981A71DE9100B5AF15 /* Build configuration list for PBXNativeTarget "roadtrip" */ = {
			isa = XCConfigurationList;
			buildConfigurations = (
				DAC867991A71DE9100B5AF15 /* Debug */,
				DAC8679A1A71DE9100B5AF15 /* Release */,
			);
			defaultConfigurationIsVisible = 0;
		};
		DAC8679B1A71DE9100B5AF15 /* Build configuration list for PBXNativeTarget "roadtripTests" */ = {
			isa = XCConfigurationList;
			buildConfigurations = (
				DAC8679C1A71DE9100B5AF15 /* Debug */,
				DAC8679D1A71DE9100B5AF15 /* Release */,
			);
			defaultConfigurationIsVisible = 0;
		};
/* End XCConfigurationList section */
	};
	rootObject = DAC867711A71DE9100B5AF15 /* Project object */;
}
